// !$*UTF8*$!
{
	archiveVersion = 1;
	classes = {
	};
	objectVersion = 50;
	objects = {

/* Begin PBXBuildFile section */
		528EA06D239CC5BF001FA153 /* AppDelegate.swift in Sources */ = {isa = PBXBuildFile; fileRef = 528EA06C239CC5BF001FA153 /* AppDelegate.swift */; };
		528EA06F239CC5BF001FA153 /* art.scnassets in Resources */ = {isa = PBXBuildFile; fileRef = 528EA06E239CC5BF001FA153 /* art.scnassets */; };
		528EA071239CC5BF001FA153 /* GameViewController.swift in Sources */ = {isa = PBXBuildFile; fileRef = 528EA070239CC5BF001FA153 /* GameViewController.swift */; };
		528EA074239CC5BF001FA153 /* Main.storyboard in Resources */ = {isa = PBXBuildFile; fileRef = 528EA072239CC5BF001FA153 /* Main.storyboard */; };
		528EA076239CC5C2001FA153 /* Assets.xcassets in Resources */ = {isa = PBXBuildFile; fileRef = 528EA075239CC5C2001FA153 /* Assets.xcassets */; };
		528EA079239CC5C2001FA153 /* LaunchScreen.storyboard in Resources */ = {isa = PBXBuildFile; fileRef = 528EA077239CC5C2001FA153 /* LaunchScreen.storyboard */; };
/* End PBXBuildFile section */

/* Begin PBXFileReference section */
		528EA069239CC5BF001FA153 /* Meyer_Project_3_Good.app */ = {isa = PBXFileReference; explicitFileType = wrapper.application; includeInIndex = 0; path = Meyer_Project_3_Good.app; sourceTree = BUILT_PRODUCTS_DIR; };
		528EA06C239CC5BF001FA153 /* AppDelegate.swift */ = {isa = PBXFileReference; lastKnownFileType = sourcecode.swift; path = AppDelegate.swift; sourceTree = "<group>"; };
		528EA06E239CC5BF001FA153 /* art.scnassets */ = {isa = PBXFileReference; lastKnownFileType = wrapper.scnassets; path = art.scnassets; sourceTree = "<group>"; };
		528EA070239CC5BF001FA153 /* GameViewController.swift */ = {isa = PBXFileReference; lastKnownFileType = sourcecode.swift; path = GameViewController.swift; sourceTree = "<group>"; };
		528EA073239CC5BF001FA153 /* Base */ = {isa = PBXFileReference; lastKnownFileType = file.storyboard; name = Base; path = Base.lproj/Main.storyboard; sourceTree = "<group>"; };
		528EA075239CC5C2001FA153 /* Assets.xcassets */ = {isa = PBXFileReference; lastKnownFileType = folder.assetcatalog; path = Assets.xcassets; sourceTree = "<group>"; };
		528EA078239CC5C2001FA153 /* Base */ = {isa = PBXFileReference; lastKnownFileType = file.storyboard; name = Base; path = Base.lproj/LaunchScreen.storyboard; sourceTree = "<group>"; };
		528EA07A239CC5C2001FA153 /* Info.plist */ = {isa = PBXFileReference; lastKnownFileType = text.plist.xml; path = Info.plist; sourceTree = "<group>"; };
/* End PBXFileReference section */

/* Begin PBXFrameworksBuildPhase section */
		528EA066239CC5BF001FA153 /* Frameworks */ = {
			isa = PBXFrameworksBuildPhase;
			buildActionMask = 2147483647;
			files = (
			);
			runOnlyForDeploymentPostprocessing = 0;
		};
/* End PBXFrameworksBuildPhase section */

/* Begin PBXGroup section */
		528EA060239CC5BF001FA153 = {
			isa = PBXGroup;
			children = (
				528EA06B239CC5BF001FA153 /* Meyer_Project_3_Good */,
				528EA06A239CC5BF001FA153 /* Products */,
			);
			sourceTree = "<group>";
		};
		528EA06A239CC5BF001FA153 /* Products */ = {
			isa = PBXGroup;
			children = (
				528EA069239CC5BF001FA153 /* Meyer_Project_3_Good.app */,
			);
			name = Products;
			sourceTree = "<group>";
		};
		528EA06B239CC5BF001FA153 /* Meyer_Project_3_Good */ = {
			isa = PBXGroup;
			children = (
				528EA06C239CC5BF001FA153 /* AppDelegate.swift */,
				528EA06E239CC5BF001FA153 /* art.scnassets */,
				528EA070239CC5BF001FA153 /* GameViewController.swift */,
				528EA072239CC5BF001FA153 /* Main.storyboard */,
				528EA075239CC5C2001FA153 /* Assets.xcassets */,
				528EA077239CC5C2001FA153 /* LaunchScreen.storyboard */,
				528EA07A239CC5C2001FA153 /* Info.plist */,
			);
			path = Meyer_Project_3_Good;
			sourceTree = "<group>";
		};
/* End PBXGroup section */

/* Begin PBXNativeTarget section */
		528EA068239CC5BF001FA153 /* Meyer_Project_3_Good */ = {
			isa = PBXNativeTarget;
			buildConfigurationList = 528EA07D239CC5C2001FA153 /* Build configuration list for PBXNativeTarget "Meyer_Project_3_Good" */;
			buildPhases = (
				528EA065239CC5BF001FA153 /* Sources */,
				528EA066239CC5BF001FA153 /* Frameworks */,
				528EA067239CC5BF001FA153 /* Resources */,
			);
			buildRules = (
			);
			dependencies = (
			);
			name = Meyer_Project_3_Good;
			productName = Meyer_Project_3_Good;
			productReference = 528EA069239CC5BF001FA153 /* Meyer_Project_3_Good.app */;
			productType = "com.apple.product-type.application";
		};
/* End PBXNativeTarget section */

/* Begin PBXProject section */
		528EA061239CC5BF001FA153 /* Project object */ = {
			isa = PBXProject;
			attributes = {
				LastSwiftUpdateCheck = 1100;
				LastUpgradeCheck = 1100;
				ORGANIZATIONNAME = administrator;
				TargetAttributes = {
					528EA068239CC5BF001FA153 = {
						CreatedOnToolsVersion = 11.0;
					};
				};
			};
			buildConfigurationList = 528EA064239CC5BF001FA153 /* Build configuration list for PBXProject "Meyer_Project_3_Good" */;
			compatibilityVersion = "Xcode 9.3";
			developmentRegion = en;
			hasScannedForEncodings = 0;
			knownRegions = (
				en,
				Base,
			);
			mainGroup = 528EA060239CC5BF001FA153;
			productRefGroup = 528EA06A239CC5BF001FA153 /* Products */;
			projectDirPath = "";
			projectRoot = "";
			targets = (
				528EA068239CC5BF001FA153 /* Meyer_Project_3_Good */,
			);
		};
/* End PBXProject section */

/* Begin PBXResourcesBuildPhase section */
		528EA067239CC5BF001FA153 /* Resources */ = {
			isa = PBXResourcesBuildPhase;
			buildActionMask = 2147483647;
			files = (
				528EA06F239CC5BF001FA153 /* art.scnassets in Resources */,
				528EA079239CC5C2001FA153 /* LaunchScreen.storyboard in Resources */,
				528EA076239CC5C2001FA153 /* Assets.xcassets in Resources */,
				528EA074239CC5BF001FA153 /* Main.storyboard in Resources */,
			);
			runOnlyForDeploymentPostprocessing = 0;
		};
/* End PBXResourcesBuildPhase section */

/* Begin PBXSourcesBuildPhase section */
		528EA065239CC5BF001FA153 /* Sources */ = {
			isa = PBXSourcesBuildPhase;
			buildActionMask = 2147483647;
			files = (
				528EA071239CC5BF001FA153 /* GameViewController.swift in Sources */,
				528EA06D239CC5BF001FA153 /* AppDelegate.swift in Sources */,
			);
			runOnlyForDeploymentPostprocessing = 0;
		};
/* End PBXSourcesBuildPhase section */

/* Begin PBXVariantGroup section */
		528EA072239CC5BF001FA153 /* Main.storyboard */ = {
			isa = PBXVariantGroup;
			children = (
				528EA073239CC5BF001FA153 /* Base */,
			);
			name = Main.storyboard;
			sourceTree = "<group>";
		};
		528EA077239CC5C2001FA153 /* LaunchScreen.storyboard */ = {
			isa = PBXVariantGroup;
			children = (
				528EA078239CC5C2001FA153 /* Base */,
			);
			name = LaunchScreen.storyboard;
			sourceTree = "<group>";
		};
/* End PBXVariantGroup section */

/* Begin XCBuildConfiguration section */
		528EA07B239CC5C2001FA153 /* Debug */ = {
			isa = XCBuildConfiguration;
			buildSettings = {
				ALWAYS_SEARCH_USER_PATHS = NO;
				CLANG_ANALYZER_NONNULL = YES;
				CLANG_ANALYZER_NUMBER_OBJECT_CONVERSION = YES_AGGRESSIVE;
				CLANG_CXX_LANGUAGE_STANDARD = "gnu++14";
				CLANG_CXX_LIBRARY = "libc++";
				CLANG_ENABLE_MODULES = YES;
				CLANG_ENABLE_OBJC_ARC = YES;
				CLANG_ENABLE_OBJC_WEAK = YES;
				CLANG_WARN_BLOCK_CAPTURE_AUTORELEASING = YES;
				CLANG_WARN_BOOL_CONVERSION = YES;
				CLANG_WARN_COMMA = YES;
				CLANG_WARN_CONSTANT_CONVERSION = YES;
				CLANG_WARN_DEPRECATED_OBJC_IMPLEMENTATIONS = YES;
				CLANG_WARN_DIRECT_OBJC_ISA_USAGE = YES_ERROR;
				CLANG_WARN_DOCUMENTATION_COMMENTS = YES;
				CLANG_WARN_EMPTY_BODY = YES;
				CLANG_WARN_ENUM_CONVERSION = YES;
				CLANG_WARN_INFINITE_RECURSION = YES;
				CLANG_WARN_INT_CONVERSION = YES;
				CLANG_WARN_NON_LITERAL_NULL_CONVERSION = YES;
				CLANG_WARN_OBJC_IMPLICIT_RETAIN_SELF = YES;
				CLANG_WARN_OBJC_LITERAL_CONVERSION = YES;
				CLANG_WARN_OBJC_ROOT_CLASS = YES_ERROR;
				CLANG_WARN_RANGE_LOOP_ANALYSIS = YES;
				CLANG_WARN_STRICT_PROTOTYPES = YES;
				CLANG_WARN_SUSPICIOUS_MOVE = YES;
				CLANG_WARN_UNGUARDED_AVAILABILITY = YES_AGGRESSIVE;
				CLANG_WARN_UNREACHABLE_CODE = YES;
				CLANG_WARN__DUPLICATE_METHOD_MATCH = YES;
				COPY_PHASE_STRIP = NO;
				DEBUG_INFORMATION_FORMAT = dwarf;
				ENABLE_STRICT_OBJC_MSGSEND = YES;
				ENABLE_TESTABILITY = YES;
				GCC_C_LANGUAGE_STANDARD = gnu11;
				GCC_DYNAMIC_NO_PIC = NO;
				GCC_NO_COMMON_BLOCKS = YES;
				GCC_OPTIMIZATION_LEVEL = 0;
				GCC_PREPROCESSOR_DEFINITIONS = (
					"DEBUG=1",
					"$(inherited)",
				);
				GCC_WARN_64_TO_32_BIT_CONVERSION = YES;
				GCC_WARN_ABOUT_RETURN_TYPE = YES_ERROR;
				GCC_WARN_UNDECLARED_SELECTOR = YES;
				GCC_WARN_UNINITIALIZED_AUTOS = YES_AGGRESSIVE;
				GCC_WARN_UNUSED_FUNCTION = YES;
				GCC_WARN_UNUSED_VARIABLE = YES;
				IPHONEOS_DEPLOYMENT_TARGET = 13.0;
				MTL_ENABLE_DEBUG_INFO = INCLUDE_SOURCE;
				MTL_FAST_MATH = YES;
				ONLY_ACTIVE_ARCH = YES;
				SDKROOT = iphoneos;
				SWIFT_ACTIVE_COMPILATION_CONDITIONS = DEBUG;
				SWIFT_OPTIMIZATION_LEVEL = "-Onone";
			};
			name = Debug;
		};
		528EA07C239CC5C2001FA153 /* Release */ = {
			isa = XCBuildConfiguration;
			buildSettings = {
				ALWAYS_SEARCH_USER_PATHS = NO;
				CLANG_ANALYZER_NONNULL = YES;
				CLANG_ANALYZER_NUMBER_OBJECT_CONVERSION = YES_AGGRESSIVE;
				CLANG_CXX_LANGUAGE_STANDARD = "gnu++14";
				CLANG_CXX_LIBRARY = "libc++";
				CLANG_ENABLE_MODULES = YES;
				CLANG_ENABLE_OBJC_ARC = YES;
				CLANG_ENABLE_OBJC_WEAK = YES;
				CLANG_WARN_BLOCK_CAPTURE_AUTORELEASING = YES;
				CLANG_WARN_BOOL_CONVERSION = YES;
				CLANG_WARN_COMMA = YES;
				CLANG_WARN_CONSTANT_CONVERSION = YES;
				CLANG_WARN_DEPRECATED_OBJC_IMPLEMENTATIONS = YES;
				CLANG_WARN_DIRECT_OBJC_ISA_USAGE = YES_ERROR;
				CLANG_WARN_DOCUMENTATION_COMMENTS = YES;
				CLANG_WARN_EMPTY_BODY = YES;
				CLANG_WARN_ENUM_CONVERSION = YES;
				CLANG_WARN_INFINITE_RECURSION = YES;
				CLANG_WARN_INT_CONVERSION = YES;
				CLANG_WARN_NON_LITERAL_NULL_CONVERSION = YES;
				CLANG_WARN_OBJC_IMPLICIT_RETAIN_SELF = YES;
				CLANG_WARN_OBJC_LITERAL_CONVERSION = YES;
				CLANG_WARN_OBJC_ROOT_CLASS = YES_ERROR;
				CLANG_WARN_RANGE_LOOP_ANALYSIS = YES;
				CLANG_WARN_STRICT_PROTOTYPES = YES;
				CLANG_WARN_SUSPICIOUS_MOVE = YES;
				CLANG_WARN_UNGUARDED_AVAILABILITY = YES_AGGRESSIVE;
				CLANG_WARN_UNREACHABLE_CODE = YES;
				CLANG_WARN__DUPLICATE_METHOD_MATCH = YES;
				COPY_PHASE_STRIP = NO;
				DEBUG_INFORMATION_FORMAT = "dwarf-with-dsym";
				ENABLE_NS_ASSERTIONS = NO;
				ENABLE_STRICT_OBJC_MSGSEND = YES;
				GCC_C_LANGUAGE_STANDARD = gnu11;
				GCC_NO_COMMON_BLOCKS = YES;
				GCC_WARN_64_TO_32_BIT_CONVERSION = YES;
				GCC_WARN_ABOUT_RETURN_TYPE = YES_ERROR;
				GCC_WARN_UNDECLARED_SELECTOR = YES;
				GCC_WARN_UNINITIALIZED_AUTOS = YES_AGGRESSIVE;
				GCC_WARN_UNUSED_FUNCTION = YES;
				GCC_WARN_UNUSED_VARIABLE = YES;
				IPHONEOS_DEPLOYMENT_TARGET = 13.0;
				MTL_ENABLE_DEBUG_INFO = NO;
				MTL_FAST_MATH = YES;
				SDKROOT = iphoneos;
				SWIFT_COMPILATION_MODE = wholemodule;
				SWIFT_OPTIMIZATION_LEVEL = "-O";
				VALIDATE_PRODUCT = YES;
			};
			name = Release;
		};
		528EA07E239CC5C2001FA153 /* Debug */ = {
			isa = XCBuildConfiguration;
			buildSettings = {
				ASSETCATALOG_COMPILER_APPICON_NAME = AppIcon;
				CODE_SIGN_STYLE = Automatic;
				INFOPLIST_FILE = Meyer_Project_3_Good/Info.plist;
				LD_RUNPATH_SEARCH_PATHS = (
					"$(inherited)",
					"@executable_path/Frameworks",
				);
				PRODUCT_BUNDLE_IDENTIFIER = "meyer.Meyer-Project-3-Good";
				PRODUCT_NAME = "$(TARGET_NAME)";
				SWIFT_VERSION = 5.0;
				TARGETED_DEVICE_FAMILY = "1,2";
			};
			name = Debug;
		};
		528EA07F239CC5C2001FA153 /* Release */ = {
			isa = XCBuildConfiguration;
			buildSettings = {
				ASSETCATALOG_COMPILER_APPICON_NAME = AppIcon;
				CODE_SIGN_STYLE = Automatic;
				INFOPLIST_FILE = Meyer_Project_3_Good/Info.plist;
				LD_RUNPATH_SEARCH_PATHS = (
					"$(inherited)",
					"@executable_path/Frameworks",
				);
				PRODUCT_BUNDLE_IDENTIFIER = "meyer.Meyer-Project-3-Good";
				PRODUCT_NAME = "$(TARGET_NAME)";
				SWIFT_VERSION = 5.0;
				TARGETED_DEVICE_FAMILY = "1,2";
			};
			name = Release;
		};
/* End XCBuildConfiguration section */

/* Begin XCConfigurationList section */
		528EA064239CC5BF001FA153 /* Build configuration list for PBXProject "Meyer_Project_3_Good" */ = {
			isa = XCConfigurationList;
			buildConfigurations = (
				528EA07B239CC5C2001FA153 /* Debug */,
				528EA07C239CC5C2001FA153 /* Release */,
			);
			defaultConfigurationIsVisible = 0;
			defaultConfigurationName = Release;
		};
		528EA07D239CC5C2001FA153 /* Build configuration list for PBXNativeTarget "Meyer_Project_3_Good" */ = {
			isa = XCConfigurationList;
			buildConfigurations = (
				528EA07E239CC5C2001FA153 /* Debug */,
				528EA07F239CC5C2001FA153 /* Release */,
			);
			defaultConfigurationIsVisible = 0;
			defaultConfigurationName = Release;
		};
/* End XCConfigurationList section */
	};
	rootObject = 528EA061239CC5BF001FA153 /* Project object */;
}
